PODS:
  - AVOSCloud (3.1.6.8)
  - AVOSCloudCrashReporting (3.1.6.8):
    - AVOSCloud
  - AVOSCloudIM (3.1.6.8):
    - AVOSCloud
  - MBProgressHUD (0.9.1)
  - MJExtension (3.0.8)
  - YYWebImage (0.9.11)

DEPENDENCIES:
  - AVOSCloud (~> 3.1.6.7)
  - AVOSCloudCrashReporting (~> 3.1.6.7)
  - AVOSCloudIM (~> 3.1.6.7)
  - MBProgressHUD (~> 0.9.1)
  - MJExtension (~> 3.0.8)
  - YYWebImage (~> 0.9.11)

SPEC CHECKSUMS:
  AVOSCloud: 4b06ec4444ca0ee0543e6cf729b11e5f3f956977
  AVOSCloudCrashReporting: 89016caa9610a5d406f69402ab63e978872dc676
  AVOSCloudIM: a32d9d66d09eff110b3b29f371e7ef2979b11c9c
  MBProgressHUD: c47f2c166c126cf2ce36498d80f33e754d4e93ad
  MJExtension: 12d2875959b4a0f936ae86b22a1eb6b0251c50ba
  YYWebImage: a65b28461dc63d3b84de7c06ea0fbc4d46cdcd16

COCOAPODS: 0.39.0
